
Microsoft Visual Studio Solution File, Format Version 12.00
# Visual Studio Version 17
VisualStudioVersion = 17.4.33213.308
MinimumVisualStudioVersion = 10.0.40219.1
Project("{9A19103F-16F7-4668-BE54-9A1E7A4F7556}") = "PracticeTwo", "PracticeTwo\PracticeTwo.csproj", "{BD3B0EB3-B4A4-40D9-80E6-3A3E63A6E106}"
EndProject
Project("{FAE04EC0-301F-11D3-BF4B-00C04F79EFBC}") = "Domain", "Domain\Domain.csproj", "{F17203B8-60D3-4D22-8ACC-42F6EA45D970}"
EndProject
Project("{FAE04EC0-301F-11D3-BF4B-00C04F79EFBC}") = "Services", "Services\Services.csproj", "{1B629E7E-1FAE-4B54-B539-7C839D96F694}"
EndProject
Global
	GlobalSection(SolutionConfigurationPlatforms) = preSolution
		Debug|Any CPU = Debug|Any CPU
		Release|Any CPU = Release|Any CPU
	EndGlobalSection
	GlobalSection(ProjectConfigurationPlatforms) = postSolution
		{BD3B0EB3-B4A4-40D9-80E6-3A3E63A6E106}.Debug|Any CPU.ActiveCfg = Debug|Any CPU
		{BD3B0EB3-B4A4-40D9-80E6-3A3E63A6E106}.Debug|Any CPU.Build.0 = Debug|Any CPU
		{BD3B0EB3-B4A4-40D9-80E6-3A3E63A6E106}.Release|Any CPU.ActiveCfg = Release|Any CPU
		{BD3B0EB3-B4A4-40D9-80E6-3A3E63A6E106}.Release|Any CPU.Build.0 = Release|Any CPU
		{F17203B8-60D3-4D22-8ACC-42F6EA45D970}.Debug|Any CPU.ActiveCfg = Debug|Any CPU
		{F17203B8-60D3-4D22-8ACC-42F6EA45D970}.Debug|Any CPU.Build.0 = Debug|Any CPU
		{F17203B8-60D3-4D22-8ACC-42F6EA45D970}.Release|Any CPU.ActiveCfg = Release|Any CPU
		{F17203B8-60D3-4D22-8ACC-42F6EA45D970}.Release|Any CPU.Build.0 = Release|Any CPU
		{1B629E7E-1FAE-4B54-B539-7C839D96F694}.Debug|Any CPU.ActiveCfg = Debug|Any CPU
		{1B629E7E-1FAE-4B54-B539-7C839D96F694}.Debug|Any CPU.Build.0 = Debug|Any CPU
		{1B629E7E-1FAE-4B54-B539-7C839D96F694}.Release|Any CPU.ActiveCfg = Release|Any CPU
		{1B629E7E-1FAE-4B54-B539-7C839D96F694}.Release|Any CPU.Build.0 = Release|Any CPU
	EndGlobalSection
	GlobalSection(SolutionProperties) = preSolution
		HideSolutionNode = FALSE
	EndGlobalSection
	GlobalSection(ExtensibilityGlobals) = postSolution
		SolutionGuid = {69A5D3B2-7275-4422-AF26-1E9327261764}
	EndGlobalSection
EndGlobal
